
Microsoft Visual Studio Solution File, Format Version 12.00
# Visual Studio Version 16
VisualStudioVersion = 16.0.31321.278
MinimumVisualStudioVersion = 10.0.40219.1
Project("{FAE04EC0-301F-11D3-BF4B-00C04F79EFBC}") = "MedievalYou", "MedievalYou\MedievalYou.csproj", "{3CCBF73C-CFD7-4FCF-A2F5-EAF510F28657}"
EndProject
Global
	GlobalSection(SolutionConfigurationPlatforms) = preSolution
		Debug|Any CPU = Debug|Any CPU
		Release|Any CPU = Release|Any CPU
	EndGlobalSection
	GlobalSection(ProjectConfigurationPlatforms) = postSolution
		{3CCBF73C-CFD7-4FCF-A2F5-EAF510F28657}.Debug|Any CPU.ActiveCfg = Debug|Any CPU
		{3CCBF73C-CFD7-4FCF-A2F5-EAF510F28657}.Debug|Any CPU.Build.0 = Debug|Any CPU
		{3CCBF73C-CFD7-4FCF-A2F5-EAF510F28657}.Release|Any CPU.ActiveCfg = Release|Any CPU
		{3CCBF73C-CFD7-4FCF-A2F5-EAF510F28657}.Release|Any CPU.Build.0 = Release|Any CPU
	EndGlobalSection
	GlobalSection(SolutionProperties) = preSolution
		HideSolutionNode = FALSE
	EndGlobalSection
	GlobalSection(ExtensibilityGlobals) = postSolution
		SolutionGuid = {9B9B6CD6-7EF4-4449-A07D-9CA84E138699}
	EndGlobalSection
EndGlobal
